
Microsoft Visual Studio Solution File, Format Version 12.00
# Visual Studio Version 17
VisualStudioVersion = 17.2.32616.157
MinimumVisualStudioVersion = 10.0.40219.1
Project("{FAE04EC0-301F-11D3-BF4B-00C04F79EFBC}") = "AppHotel.Android", "AppHotel\AppHotel.Android\AppHotel.Android.csproj", "{75723153-B37B-4B2E-982E-6E7D47A11F9D}"
EndProject
Project("{FAE04EC0-301F-11D3-BF4B-00C04F79EFBC}") = "AppHotel", "AppHotel\AppHotel\AppHotel.csproj", "{D7994A5E-2A8A-4E51-B094-AEFDDF4F901D}"
EndProject
Global
	GlobalSection(SolutionConfigurationPlatforms) = preSolution
		Debug|Any CPU = Debug|Any CPU
		Release|Any CPU = Release|Any CPU
	EndGlobalSection
	GlobalSection(ProjectConfigurationPlatforms) = postSolution
		{75723153-B37B-4B2E-982E-6E7D47A11F9D}.Debug|Any CPU.ActiveCfg = Debug|Any CPU
		{75723153-B37B-4B2E-982E-6E7D47A11F9D}.Debug|Any CPU.Build.0 = Debug|Any CPU
		{75723153-B37B-4B2E-982E-6E7D47A11F9D}.Debug|Any CPU.Deploy.0 = Debug|Any CPU
		{75723153-B37B-4B2E-982E-6E7D47A11F9D}.Release|Any CPU.ActiveCfg = Release|Any CPU
		{75723153-B37B-4B2E-982E-6E7D47A11F9D}.Release|Any CPU.Build.0 = Release|Any CPU
		{75723153-B37B-4B2E-982E-6E7D47A11F9D}.Release|Any CPU.Deploy.0 = Release|Any CPU
		{D7994A5E-2A8A-4E51-B094-AEFDDF4F901D}.Debug|Any CPU.ActiveCfg = Debug|Any CPU
		{D7994A5E-2A8A-4E51-B094-AEFDDF4F901D}.Debug|Any CPU.Build.0 = Debug|Any CPU
		{D7994A5E-2A8A-4E51-B094-AEFDDF4F901D}.Debug|Any CPU.Deploy.0 = Debug|Any CPU
		{D7994A5E-2A8A-4E51-B094-AEFDDF4F901D}.Release|Any CPU.ActiveCfg = Release|Any CPU
		{D7994A5E-2A8A-4E51-B094-AEFDDF4F901D}.Release|Any CPU.Build.0 = Release|Any CPU
		{D7994A5E-2A8A-4E51-B094-AEFDDF4F901D}.Release|Any CPU.Deploy.0 = Release|Any CPU
	EndGlobalSection
	GlobalSection(SolutionProperties) = preSolution
		HideSolutionNode = FALSE
	EndGlobalSection
	GlobalSection(ExtensibilityGlobals) = postSolution
		SolutionGuid = {5EBA1FF1-109E-49AE-8A7A-405286ED13E3}
	EndGlobalSection
EndGlobal
